{
  "name": "three-factorization-problem-circuit",
  "version": "1.0.0",
  "lockfileVersion": 3,
  "requires": true,
  "packages": {
    "": {
      "name": "three-factorization-problem-circuit",
      "version": "1.0.0",
      "dependencies": {
        "circomlib": "^2.0.5",
        "dotenv": "^16.5.0"
      }
    },
    "node_modules/circomlib": {
      "version": "2.0.5",
      "resolved": "https://registry.npmjs.org/circomlib/-/circomlib-2.0.5.tgz",
      "integrity": "sha512-O7NQ8OS+J4eshBuoy36z/TwQU0YHw8W3zxZcs4hVwpEll3e4hDm3mgkIPqItN8FDeLEKZFK3YeT/+k8TiLF3/A==",
      "license": "GPL-3.0"
    },
    "node_modules/dotenv": {
      "version": "16.5.0",
      "resolved": "https://registry.npmjs.org/dotenv/-/dotenv-16.5.0.tgz",
      "integrity": "sha512-m/C+AwOAr9/W1UOIZUo232ejMNnJAJtYQjUbHoNTBNTJSvqzzDh7vnrei3o3r3m9blf6ZoDkvcw0VmozNRFJxg==",
      "license": "BSD-2-Clause",
      "engines": {
        "node": ">=12"
      },
      "funding": {
        "url": "https://dotenvx.com"
      }
    }
  }
}
